
Microsoft Visual Studio Solution File, Format Version 12.00
# Visual Studio Version 17
VisualStudioVersion = 17.9.34723.18
MinimumVisualStudioVersion = 10.0.40219.1
Project("{8BC9CEB8-8B4A-11D0-8D11-00A0C91BC942}") = "Probability_and_Statistics", "Probability_and_Statistics\Probability_and_Statistics.vcxproj", "{2C85C1F7-D0E8-4961-9794-6EAB83122A2E}"
EndProject
Project("{54435603-DBB4-11D2-8724-00A0C9A8B90C}") = "Setup_PS", "Setup_PS\Setup_PS.vdproj", "{F566B780-776C-469D-BBD0-22D8B15DBD51}"
EndProject
Global
	GlobalSection(SolutionConfigurationPlatforms) = preSolution
		Debug|x64 = Debug|x64
		Debug|x86 = Debug|x86
		Release|x64 = Release|x64
		Release|x86 = Release|x86
	EndGlobalSection
	GlobalSection(ProjectConfigurationPlatforms) = postSolution
		{2C85C1F7-D0E8-4961-9794-6EAB83122A2E}.Debug|x64.ActiveCfg = Debug|x64
		{2C85C1F7-D0E8-4961-9794-6EAB83122A2E}.Debug|x64.Build.0 = Debug|x64
		{2C85C1F7-D0E8-4961-9794-6EAB83122A2E}.Debug|x86.ActiveCfg = Debug|Win32
		{2C85C1F7-D0E8-4961-9794-6EAB83122A2E}.Debug|x86.Build.0 = Debug|Win32
		{2C85C1F7-D0E8-4961-9794-6EAB83122A2E}.Release|x64.ActiveCfg = Release|x64
		{2C85C1F7-D0E8-4961-9794-6EAB83122A2E}.Release|x64.Build.0 = Release|x64
		{2C85C1F7-D0E8-4961-9794-6EAB83122A2E}.Release|x86.ActiveCfg = Release|Win32
		{2C85C1F7-D0E8-4961-9794-6EAB83122A2E}.Release|x86.Build.0 = Release|Win32
		{F566B780-776C-469D-BBD0-22D8B15DBD51}.Debug|x64.ActiveCfg = Debug
		{F566B780-776C-469D-BBD0-22D8B15DBD51}.Debug|x86.ActiveCfg = Debug
		{F566B780-776C-469D-BBD0-22D8B15DBD51}.Release|x64.ActiveCfg = Release
		{F566B780-776C-469D-BBD0-22D8B15DBD51}.Release|x86.ActiveCfg = Release
	EndGlobalSection
	GlobalSection(SolutionProperties) = preSolution
		HideSolutionNode = FALSE
	EndGlobalSection
	GlobalSection(ExtensibilityGlobals) = postSolution
		SolutionGuid = {9DCBF0B8-C713-4B53-B74B-FAEB09AF62B2}
	EndGlobalSection
EndGlobal
